
Microsoft Visual Studio Solution File, Format Version 11.00
# Visual Studio 2010
# SharpDevelop 5.1
Project("{FAE04EC0-301F-11D3-BF4B-00C04F79EFBC}") = "Canny-Edge-Detection", "Canny-Edge-Detection.csproj", "{30C293F6-85A0-453E-92C7-0011A762F5A5}"
EndProject
Global
	GlobalSection(SolutionConfigurationPlatforms) = preSolution
		Debug|Any CPU = Debug|Any CPU
		Release|Any CPU = Release|Any CPU
	EndGlobalSection
	GlobalSection(ProjectConfigurationPlatforms) = postSolution
		{30C293F6-85A0-453E-92C7-0011A762F5A5}.Debug|Any CPU.ActiveCfg = Debug|Any CPU
		{30C293F6-85A0-453E-92C7-0011A762F5A5}.Debug|Any CPU.Build.0 = Debug|Any CPU
		{30C293F6-85A0-453E-92C7-0011A762F5A5}.Release|Any CPU.ActiveCfg = Release|Any CPU
		{30C293F6-85A0-453E-92C7-0011A762F5A5}.Release|Any CPU.Build.0 = Release|Any CPU
	EndGlobalSection
EndGlobal
